
Microsoft Visual Studio Solution File, Format Version 12.00
# Visual Studio Version 16
VisualStudioVersion = 16.0.30204.135
MinimumVisualStudioVersion = 10.0.40219.1
Project("{FAE04EC0-301F-11D3-BF4B-00C04F79EFBC}") = "ConsultaCEP", "ConsultaCEP\ConsultaCEP.csproj", "{87C081F2-C289-48A5-B5D8-7BE977EA12AD}"
EndProject
Global
	GlobalSection(SolutionConfigurationPlatforms) = preSolution
		Debug|Any CPU = Debug|Any CPU
		Release|Any CPU = Release|Any CPU
	EndGlobalSection
	GlobalSection(ProjectConfigurationPlatforms) = postSolution
		{87C081F2-C289-48A5-B5D8-7BE977EA12AD}.Debug|Any CPU.ActiveCfg = Debug|Any CPU
		{87C081F2-C289-48A5-B5D8-7BE977EA12AD}.Debug|Any CPU.Build.0 = Debug|Any CPU
		{87C081F2-C289-48A5-B5D8-7BE977EA12AD}.Release|Any CPU.ActiveCfg = Release|Any CPU
		{87C081F2-C289-48A5-B5D8-7BE977EA12AD}.Release|Any CPU.Build.0 = Release|Any CPU
	EndGlobalSection
	GlobalSection(SolutionProperties) = preSolution
		HideSolutionNode = FALSE
	EndGlobalSection
	GlobalSection(ExtensibilityGlobals) = postSolution
		SolutionGuid = {D7578749-4204-4B9A-8E9D-E9EAAD8B1D67}
	EndGlobalSection
EndGlobal
